
Microsoft Visual Studio Solution File, Format Version 12.00
# Visual Studio Version 16
VisualStudioVersion = 16.0.31112.23
MinimumVisualStudioVersion = 10.0.40219.1
Project("{FAE04EC0-301F-11D3-BF4B-00C04F79EFBC}") = "Fintech", "Fintech.csproj", "{F3A6BCAF-44F3-4532-AB83-3696A20DBFEC}"
EndProject
Global
	GlobalSection(SolutionConfigurationPlatforms) = preSolution
		Debug|Any CPU = Debug|Any CPU
		Release|Any CPU = Release|Any CPU
	EndGlobalSection
	GlobalSection(ProjectConfigurationPlatforms) = postSolution
		{F3A6BCAF-44F3-4532-AB83-3696A20DBFEC}.Debug|Any CPU.ActiveCfg = Debug|Any CPU
		{F3A6BCAF-44F3-4532-AB83-3696A20DBFEC}.Debug|Any CPU.Build.0 = Debug|Any CPU
		{F3A6BCAF-44F3-4532-AB83-3696A20DBFEC}.Release|Any CPU.ActiveCfg = Release|Any CPU
		{F3A6BCAF-44F3-4532-AB83-3696A20DBFEC}.Release|Any CPU.Build.0 = Release|Any CPU
	EndGlobalSection
	GlobalSection(SolutionProperties) = preSolution
		HideSolutionNode = FALSE
	EndGlobalSection
	GlobalSection(ExtensibilityGlobals) = postSolution
		SolutionGuid = {27A19210-10BD-45CE-B91F-7DC6E0A76FDE}
	EndGlobalSection
EndGlobal
